
Microsoft Visual Studio Solution File, Format Version 12.00
# Visual Studio Version 17
VisualStudioVersion = 17.14.36616.10
MinimumVisualStudioVersion = 10.0.40219.1
Project("{FAE04EC0-301F-11D3-BF4B-00C04F79EFBC}") = "M002_Einführung", "M002_Einführung\M002_Einführung.csproj", "{FC0DDBA8-5321-446B-A4E1-0FE2E00BF8AE}"
EndProject
Project("{FAE04EC0-301F-11D3-BF4B-00C04F79EFBC}") = "M003_MVC", "M003_MVC\M003_MVC.csproj", "{D89FCF97-64DA-45CC-991E-8522EE4929D8}"
EndProject
Project("{FAE04EC0-301F-11D3-BF4B-00C04F79EFBC}") = "M004_RazorPages", "M004_RazorPages\M004_RazorPages.csproj", "{9C71E09E-1A66-4F76-A9E2-238596181D1B}"
EndProject
Project("{FAE04EC0-301F-11D3-BF4B-00C04F79EFBC}") = "M005_WeitereGrundlagen", "M005_WeitereGrundlagen\M005_WeitereGrundlagen.csproj", "{F6B5A2A8-C188-4E13-812E-3580DB1AA114}"
EndProject
Project("{FAE04EC0-301F-11D3-BF4B-00C04F79EFBC}") = "M006_EntityFramework", "M006_EntityFramework\M006_EntityFramework.csproj", "{F82262D7-0295-4761-9A8F-7EB46AC0174F}"
EndProject
Global
	GlobalSection(SolutionConfigurationPlatforms) = preSolution
		Debug|Any CPU = Debug|Any CPU
		Release|Any CPU = Release|Any CPU
	EndGlobalSection
	GlobalSection(ProjectConfigurationPlatforms) = postSolution
		{FC0DDBA8-5321-446B-A4E1-0FE2E00BF8AE}.Debug|Any CPU.ActiveCfg = Debug|Any CPU
		{FC0DDBA8-5321-446B-A4E1-0FE2E00BF8AE}.Debug|Any CPU.Build.0 = Debug|Any CPU
		{FC0DDBA8-5321-446B-A4E1-0FE2E00BF8AE}.Release|Any CPU.ActiveCfg = Release|Any CPU
		{FC0DDBA8-5321-446B-A4E1-0FE2E00BF8AE}.Release|Any CPU.Build.0 = Release|Any CPU
		{D89FCF97-64DA-45CC-991E-8522EE4929D8}.Debug|Any CPU.ActiveCfg = Debug|Any CPU
		{D89FCF97-64DA-45CC-991E-8522EE4929D8}.Debug|Any CPU.Build.0 = Debug|Any CPU
		{D89FCF97-64DA-45CC-991E-8522EE4929D8}.Release|Any CPU.ActiveCfg = Release|Any CPU
		{D89FCF97-64DA-45CC-991E-8522EE4929D8}.Release|Any CPU.Build.0 = Release|Any CPU
		{9C71E09E-1A66-4F76-A9E2-238596181D1B}.Debug|Any CPU.ActiveCfg = Debug|Any CPU
		{9C71E09E-1A66-4F76-A9E2-238596181D1B}.Debug|Any CPU.Build.0 = Debug|Any CPU
		{9C71E09E-1A66-4F76-A9E2-238596181D1B}.Release|Any CPU.ActiveCfg = Release|Any CPU
		{9C71E09E-1A66-4F76-A9E2-238596181D1B}.Release|Any CPU.Build.0 = Release|Any CPU
		{F6B5A2A8-C188-4E13-812E-3580DB1AA114}.Debug|Any CPU.ActiveCfg = Debug|Any CPU
		{F6B5A2A8-C188-4E13-812E-3580DB1AA114}.Debug|Any CPU.Build.0 = Debug|Any CPU
		{F6B5A2A8-C188-4E13-812E-3580DB1AA114}.Release|Any CPU.ActiveCfg = Release|Any CPU
		{F6B5A2A8-C188-4E13-812E-3580DB1AA114}.Release|Any CPU.Build.0 = Release|Any CPU
		{F82262D7-0295-4761-9A8F-7EB46AC0174F}.Debug|Any CPU.ActiveCfg = Debug|Any CPU
		{F82262D7-0295-4761-9A8F-7EB46AC0174F}.Debug|Any CPU.Build.0 = Debug|Any CPU
		{F82262D7-0295-4761-9A8F-7EB46AC0174F}.Release|Any CPU.ActiveCfg = Release|Any CPU
		{F82262D7-0295-4761-9A8F-7EB46AC0174F}.Release|Any CPU.Build.0 = Release|Any CPU
	EndGlobalSection
	GlobalSection(SolutionProperties) = preSolution
		HideSolutionNode = FALSE
	EndGlobalSection
	GlobalSection(ExtensibilityGlobals) = postSolution
		SolutionGuid = {50718C1C-8E8B-41E0-8FDF-71BFA22CC3AC}
	EndGlobalSection
EndGlobal
